
Microsoft Visual Studio Solution File, Format Version 12.00
# Visual Studio Version 16
VisualStudioVersion = 16.0.33328.57
MinimumVisualStudioVersion = 10.0.40219.1
Project("{8BC9CEB8-8B4A-11D0-8D11-00A0C91BC942}") = "Pixel_Operation", "Pixel_Operation\Pixel_Operation.vcxproj", "{41213AD2-A3C4-4DE1-9467-99103F428898}"
EndProject
Global
	GlobalSection(SolutionConfigurationPlatforms) = preSolution
		Debug|x64 = Debug|x64
		Debug|x86 = Debug|x86
		Release|x64 = Release|x64
		Release|x86 = Release|x86
	EndGlobalSection
	GlobalSection(ProjectConfigurationPlatforms) = postSolution
		{41213AD2-A3C4-4DE1-9467-99103F428898}.Debug|x64.ActiveCfg = Debug|x64
		{41213AD2-A3C4-4DE1-9467-99103F428898}.Debug|x64.Build.0 = Debug|x64
		{41213AD2-A3C4-4DE1-9467-99103F428898}.Debug|x86.ActiveCfg = Debug|Win32
		{41213AD2-A3C4-4DE1-9467-99103F428898}.Debug|x86.Build.0 = Debug|Win32
		{41213AD2-A3C4-4DE1-9467-99103F428898}.Release|x64.ActiveCfg = Release|x64
		{41213AD2-A3C4-4DE1-9467-99103F428898}.Release|x64.Build.0 = Release|x64
		{41213AD2-A3C4-4DE1-9467-99103F428898}.Release|x86.ActiveCfg = Release|Win32
		{41213AD2-A3C4-4DE1-9467-99103F428898}.Release|x86.Build.0 = Release|Win32
	EndGlobalSection
	GlobalSection(SolutionProperties) = preSolution
		HideSolutionNode = FALSE
	EndGlobalSection
	GlobalSection(ExtensibilityGlobals) = postSolution
		SolutionGuid = {3EE75E71-C344-4ECB-AF41-DC385E8370CA}
	EndGlobalSection
EndGlobal
